Microsoft Visual Studio Solution File, Format Version 11.00
# Visual Studio 2010
Project("{FAE04EC0-301F-11D3-BF4B-00C04F79EFBC}") = "PascalTriangle", "PascalTriangle.csproj", "{76CDC833-8663-44F6-86D7-85655D1D8930}"
EndProject
Global
	GlobalSection(SolutionConfigurationPlatforms) = preSolution
		Debug|Any CPU = Debug|Any CPU
		Release|Any CPU = Release|Any CPU
	EndGlobalSection
	GlobalSection(ProjectConfigurationPlatforms) = postSolution
		{76CDC833-8663-44F6-86D7-85655D1D8930}.Debug|Any CPU.ActiveCfg = Debug|Any CPU
		{76CDC833-8663-44F6-86D7-85655D1D8930}.Debug|Any CPU.Build.0 = Debug|Any CPU
		{76CDC833-8663-44F6-86D7-85655D1D8930}.Release|Any CPU.ActiveCfg = Release|Any CPU
		{76CDC833-8663-44F6-86D7-85655D1D8930}.Release|Any CPU.Build.0 = Release|Any CPU
	EndGlobalSection
	GlobalSection(SolutionProperties) = preSolution
		HideSolutionNode = FALSE
	EndGlobalSection
EndGlobal
